<?xml version="1.0" encoding="utf-8"?>
<Project ToolsVersion="4.0" xmlns="http://schemas.microsoft.com/developer/msbuild/2003">
  <ItemGroup>
    <ClCompile Include="Panels.cpp">
      <Filter>Source</Filter>
    </ClCompile>
    <ClCompile Include="CDrawManager.cpp">
      <Filter>Source</Filter>
    </ClCompile>
    <ClCompile Include="Client.cpp">
      <Filter>Source</Filter>
    </ClCompile>
    <ClCompile Include="DLLMain.cpp">
      <Filter>Source</Filter>
    </ClCompile>
    <ClCompile Include="VMTHooks.cpp">
      <Filter>Source</Filter>
    </ClCompile>
    <ClCompile Include="CSignature.cpp">
      <Filter>Source</Filter>
    </ClCompile>
    <ClCompile Include="Log.cpp">
      <Filter>Source</Filter>
    </ClCompile>
    <ClCompile Include="CNetvarManager.cpp">
      <Filter>Source</Filter>
    </ClCompile>
    <ClCompile Include="CVisuals.cpp">
      <Filter>Source\Features</Filter>
    </ClCompile>
    <ClCompile Include="CBaseEntity.cpp">
      <Filter>Source</Filter>
    </ClCompile>
    <ClCompile Include="Math.cpp">
      <Filter>Source\Math</Filter>
    </ClCompile>
    <ClCompile Include="Globals.cpp">
      <Filter>Globals</Filter>
    </ClCompile>
    <ClCompile Include="imgui_impl_dx9.cpp">
      <Filter>ImGui</Filter>
    </ClCompile>
    <ClCompile Include="imgui.cpp">
      <Filter>ImGui</Filter>
    </ClCompile>
    <ClCompile Include="imgui_draw.cpp">
      <Filter>ImGui</Filter>
    </ClCompile>
    <ClCompile Include="Fonts.cpp">
      <Filter>Fonts</Filter>
    </ClCompile>
    <ClCompile Include="Font.cpp">
      <Filter>Fonts\Font</Filter>
    </ClCompile>
    <ClCompile Include="EndScene.cpp">
      <Filter>Source</Filter>
    </ClCompile>
    <ClCompile Include="Menu.cpp">
      <Filter>Menu</Filter>
    </ClCompile>
    <ClCompile Include="CMovement.cpp">
      <Filter>Source\Features</Filter>
    </ClCompile>
    <ClCompile Include="CAim.cpp">
      <Filter>Source\Features</Filter>
    </ClCompile>
    <ClCompile Include="CMiscellaneous.cpp">
      <Filter>Source\Features</Filter>
    </ClCompile>
    <ClCompile Include="FrameStageNotify.cpp">
      <Filter>Source</Filter>
    </ClCompile>
    <ClCompile Include="ConVar.cpp">
      <Filter>Source</Filter>
    </ClCompile>
    <ClCompile Include="CSkinchanger.cpp">
      <Filter>Source\Features</Filter>
    </ClCompile>
  </ItemGroup>
  <ItemGroup>
    <ClInclude Include="CDrawManager.h">
      <Filter>Headers</Filter>
    </ClInclude>
    <ClInclude Include="CGlobalVars.h">
      <Filter>Headers</Filter>
    </ClInclude>
    <ClInclude Include="Client.h">
      <Filter>Headers</Filter>
    </ClInclude>
    <ClInclude Include="getvfunc.h">
      <Filter>Headers</Filter>
    </ClInclude>
    <ClInclude Include="Panels.h">
      <Filter>Headers</Filter>
    </ClInclude>
    <ClInclude Include="SDK.h">
      <Filter>Headers</Filter>
    </ClInclude>
    <ClInclude Include="Vector.h">
      <Filter>Headers</Filter>
    </ClInclude>
    <ClInclude Include="WeaponList.h">
      <Filter>Headers</Filter>
    </ClInclude>
    <ClInclude Include="VMTHooks.h">
      <Filter>Headers</Filter>
    </ClInclude>
    <ClInclude Include="CSignature.h">
      <Filter>Headers</Filter>
    </ClInclude>
    <ClInclude Include="Log.h">
      <Filter>Headers</Filter>
    </ClInclude>
    <ClInclude Include="CNetvarManager.h">
      <Filter>Headers</Filter>
    </ClInclude>
    <ClInclude Include="CRecV.h">
      <Filter>Headers</Filter>
    </ClInclude>
    <ClInclude Include="CVisuals.h">
      <Filter>Headers\Features</Filter>
    </ClInclude>
    <ClInclude Include="Color.h">
      <Filter>Headers</Filter>
    </ClInclude>
    <ClInclude Include="Math.h">
      <Filter>Source\Math</Filter>
    </ClInclude>
    <ClInclude Include="studio.h">
      <Filter>Headers</Filter>
    </ClInclude>
    <ClInclude Include="Globals.h">
      <Filter>Globals</Filter>
    </ClInclude>
    <ClInclude Include="imconfig.h">
      <Filter>ImGui</Filter>
    </ClInclude>
    <ClInclude Include="imgui.h">
      <Filter>ImGui</Filter>
    </ClInclude>
    <ClInclude Include="imgui_impl_dx9.h">
      <Filter>ImGui</Filter>
    </ClInclude>
    <ClInclude Include="imgui_internal.h">
      <Filter>ImGui</Filter>
    </ClInclude>
    <ClInclude Include="stb_rect_pack.h">
      <Filter>ImGui</Filter>
    </ClInclude>
    <ClInclude Include="stb_textedit.h">
      <Filter>ImGui</Filter>
    </ClInclude>
    <ClInclude Include="stb_truetype.h">
      <Filter>ImGui</Filter>
    </ClInclude>
    <ClInclude Include="Fonts.h">
      <Filter>Fonts</Filter>
    </ClInclude>
    <ClInclude Include="IconsFontAwesome.h">
      <Filter>Fonts</Filter>
    </ClInclude>
    <ClInclude Include="Font.h">
      <Filter>Fonts\Font</Filter>
    </ClInclude>
    <ClInclude Include="Singleton.h">
      <Filter>Headers</Filter>
    </ClInclude>
    <ClInclude Include="EndScene.h">
      <Filter>Headers</Filter>
    </ClInclude>
    <ClInclude Include="Menu.h">
      <Filter>Menu</Filter>
    </ClInclude>
    <ClInclude Include="VMT.h">
      <Filter>Headers</Filter>
    </ClInclude>
    <ClInclude Include="CMovement.h">
      <Filter>Headers\Features</Filter>
    </ClInclude>
    <ClInclude Include="CAim.h">
      <Filter>Headers\Features</Filter>
    </ClInclude>
    <ClInclude Include="CMiscellaneous.h">
      <Filter>Headers\Features</Filter>
    </ClInclude>
    <ClInclude Include="bspflags.h">
      <Filter>Headers</Filter>
    </ClInclude>
    <ClInclude Include="FrameStageNotify.h">
      <Filter>Headers</Filter>
    </ClInclude>
    <ClInclude Include="ConVar.h">
      <Filter>Headers</Filter>
    </ClInclude>
    <ClInclude Include="CSkinchanger.h">
      <Filter>Headers\Features</Filter>
    </ClInclude>
    <ClInclude Include="CUtlVector.h">
      <Filter>Headers</Filter>
    </ClInclude>
  </ItemGroup>
  <ItemGroup>
    <Filter Include="Headers">
      <UniqueIdentifier>{79b023fd-cbc8-41db-bfda-b06ff3b945f3}</UniqueIdentifier>
    </Filter>
    <Filter Include="Source">
      <UniqueIdentifier>{7561bd3e-f399-43c0-80fd-202de503f606}</UniqueIdentifier>
    </Filter>
    <Filter Include="Source\Features">
      <UniqueIdentifier>{d35b3896-bcc7-4293-984e-6b038c5ba214}</UniqueIdentifier>
    </Filter>
    <Filter Include="Headers\Features">
      <UniqueIdentifier>{4f38333a-1524-4522-8b7a-5bdaef9ec240}</UniqueIdentifier>
    </Filter>
    <Filter Include="Source\Math">
      <UniqueIdentifier>{2be87ccf-7db6-4832-82dd-504e7927cf13}</UniqueIdentifier>
    </Filter>
    <Filter Include="Globals">
      <UniqueIdentifier>{a11d1401-bad4-4147-bc63-9f2a1b3cd1c2}</UniqueIdentifier>
    </Filter>
    <Filter Include="ImGui">
      <UniqueIdentifier>{d92620bf-c9f4-4872-a131-4952e3a486fa}</UniqueIdentifier>
    </Filter>
    <Filter Include="Fonts">
      <UniqueIdentifier>{ab412454-5a7d-42a7-ad38-47f7325a1174}</UniqueIdentifier>
    </Filter>
    <Filter Include="Fonts\Font">
      <UniqueIdentifier>{c21acfea-798a-464a-a10d-177913081db3}</UniqueIdentifier>
    </Filter>
    <Filter Include="Menu">
      <UniqueIdentifier>{2aa3bc53-87f0-442b-8587-68ffe5f4207c}</UniqueIdentifier>
    </Filter>
  </ItemGroup>
</Project>